{"1.1.0",
[{<<"gleam_stdlib">>,{pkg,<<"gleam_stdlib">>,<<"0.10.1">>},0},
 {<<"jsone">>,{pkg,<<"jsone">>,<<"1.5.2">>},0}]}.
[
{pkg_hash,[
 {<<"gleam_stdlib">>, <<"F123F33E03B5CDF5E19FC179B9EE81269DEB93F7DEFADB17EF2930E4DB9011E7">>},
 {<<"jsone">>, <<"87ADEA283C9CF24767B4DEED44602989A5331156DF5D60A2660E9C9114D54046">>}]}
].
